# This file was autogenerated by Stack.
# You should not edit this file by hand.
# For more information, please see the documentation at:
#   https://docs.haskellstack.org/en/stable/lock_files

packages:
- completed:
    hackage: hindent-5.2.7@sha256:35a1883948d2a2d9b663630d0e5c33fcb303149ac0b1f42a59f5e8fbc88b31e5,3388
    pantry-tree:
      size: 962
      sha256: bd61ad09a437cda79105f8fcf48e8eba015d384992ad942c89f7c2320939b13e
  original:
    hackage: hindent-5.2.7@sha256:35a1883948d2a2d9b663630d0e5c33fcb303149ac0b1f42a59f5e8fbc88b31e5
snapshots:
- completed:
    size: 509471
    url: https://raw.githubusercontent.com/commercialhaskell/stackage-snapshots/master/lts/12/26.yaml
    sha256: 95f014df58d0679b1c4a2b7bf2b652b61da8d30de5f571abb0d59015ef678646
  original: lts-12.26
